
Microsoft Visual Studio Solution File, Format Version 12.00
# Visual Studio Version 17
VisualStudioVersion = 17.6.33829.357
MinimumVisualStudioVersion = 10.0.40219.1
Project("{8BC9CEB8-8B4A-11D0-8D11-00A0C91BC942}") = "Cau1", "Cau1\Cau1.vcxproj", "{8404D200-3ACB-406F-AE56-8C1D998DB5BA}"
EndProject
Project("{8BC9CEB8-8B4A-11D0-8D11-00A0C91BC942}") = "Cau2", "Cau2\Cau2.vcxproj", "{981A057D-6D9B-49C4-84AA-F53BAA36335B}"
EndProject
Project("{8BC9CEB8-8B4A-11D0-8D11-00A0C91BC942}") = "Cau3", "Cau3\Cau3.vcxproj", "{B8D3F3A4-4624-493F-82FF-E63EEC851101}"
EndProject
Project("{8BC9CEB8-8B4A-11D0-8D11-00A0C91BC942}") = "Cau4", "Cau4\Cau4.vcxproj", "{7C488070-8364-46EF-91C6-B5E8231A4AE7}"
EndProject
Project("{8BC9CEB8-8B4A-11D0-8D11-00A0C91BC942}") = "Cau5", "Cau5\Cau5.vcxproj", "{8C44B4DE-5E7D-4278-8A83-8756076A7500}"
EndProject
Project("{8BC9CEB8-8B4A-11D0-8D11-00A0C91BC942}") = "Cau6", "Cau6\Cau6.vcxproj", "{62636708-27F6-4745-8804-8DA9FD80F8A7}"
EndProject
Project("{8BC9CEB8-8B4A-11D0-8D11-00A0C91BC942}") = "Cau7", "Cau7\Cau7.vcxproj", "{53AAE0E0-77EA-4D27-BDF4-463FBADED643}"
EndProject
Project("{8BC9CEB8-8B4A-11D0-8D11-00A0C91BC942}") = "Cau8", "Cau8\Cau8.vcxproj", "{AC7157CB-CC96-4C54-B4FB-7834977393F4}"
EndProject
Project("{8BC9CEB8-8B4A-11D0-8D11-00A0C91BC942}") = "Cau9", "Cau9\Cau9.vcxproj", "{C243025A-DC18-48B9-BB14-D6B79087A15B}"
EndProject
Project("{8BC9CEB8-8B4A-11D0-8D11-00A0C91BC942}") = "Cau10", "Cau10\Cau10.vcxproj", "{9835C534-7848-4989-8275-5560BF34C357}"
EndProject
Project("{8BC9CEB8-8B4A-11D0-8D11-00A0C91BC942}") = "Cau11", "Cau11\Cau11.vcxproj", "{027236F9-4EE2-4753-8142-C2867BCA568A}"
EndProject
Project("{8BC9CEB8-8B4A-11D0-8D11-00A0C91BC942}") = "Cau12", "Cau12\Cau12.vcxproj", "{1F0E702E-DC4C-495D-8DC2-5624679E637E}"
EndProject
Project("{8BC9CEB8-8B4A-11D0-8D11-00A0C91BC942}") = "Cau13", "Cau13\Cau13.vcxproj", "{8DD56CC1-5904-4E2D-9A77-0371893E7040}"
EndProject
Project("{8BC9CEB8-8B4A-11D0-8D11-00A0C91BC942}") = "Cau14", "Cau14\Cau14.vcxproj", "{DE21C23A-E435-4ACD-8543-E5B430D5F391}"
EndProject
Project("{8BC9CEB8-8B4A-11D0-8D11-00A0C91BC942}") = "Cau15", "Cau15\Cau15.vcxproj", "{677AEC5F-D473-494F-9024-666F59600F10}"
EndProject
Global
	GlobalSection(SolutionConfigurationPlatforms) = preSolution
		Debug|x64 = Debug|x64
		Debug|x86 = Debug|x86
		Release|x64 = Release|x64
		Release|x86 = Release|x86
	EndGlobalSection
	GlobalSection(ProjectConfigurationPlatforms) = postSolution
		{8404D200-3ACB-406F-AE56-8C1D998DB5BA}.Debug|x64.ActiveCfg = Debug|x64
		{8404D200-3ACB-406F-AE56-8C1D998DB5BA}.Debug|x64.Build.0 = Debug|x64
		{8404D200-3ACB-406F-AE56-8C1D998DB5BA}.Debug|x86.ActiveCfg = Debug|Win32
		{8404D200-3ACB-406F-AE56-8C1D998DB5BA}.Debug|x86.Build.0 = Debug|Win32
		{8404D200-3ACB-406F-AE56-8C1D998DB5BA}.Release|x64.ActiveCfg = Release|x64
		{8404D200-3ACB-406F-AE56-8C1D998DB5BA}.Release|x64.Build.0 = Release|x64
		{8404D200-3ACB-406F-AE56-8C1D998DB5BA}.Release|x86.ActiveCfg = Release|Win32
		{8404D200-3ACB-406F-AE56-8C1D998DB5BA}.Release|x86.Build.0 = Release|Win32
		{981A057D-6D9B-49C4-84AA-F53BAA36335B}.Debug|x64.ActiveCfg = Debug|x64
		{981A057D-6D9B-49C4-84AA-F53BAA36335B}.Debug|x64.Build.0 = Debug|x64
		{981A057D-6D9B-49C4-84AA-F53BAA36335B}.Debug|x86.ActiveCfg = Debug|Win32
		{981A057D-6D9B-49C4-84AA-F53BAA36335B}.Debug|x86.Build.0 = Debug|Win32
		{981A057D-6D9B-49C4-84AA-F53BAA36335B}.Release|x64.ActiveCfg = Release|x64
		{981A057D-6D9B-49C4-84AA-F53BAA36335B}.Release|x64.Build.0 = Release|x64
		{981A057D-6D9B-49C4-84AA-F53BAA36335B}.Release|x86.ActiveCfg = Release|Win32
		{981A057D-6D9B-49C4-84AA-F53BAA36335B}.Release|x86.Build.0 = Release|Win32
		{B8D3F3A4-4624-493F-82FF-E63EEC851101}.Debug|x64.ActiveCfg = Debug|x64
		{B8D3F3A4-4624-493F-82FF-E63EEC851101}.Debug|x64.Build.0 = Debug|x64
		{B8D3F3A4-4624-493F-82FF-E63EEC851101}.Debug|x86.ActiveCfg = Debug|Win32
		{B8D3F3A4-4624-493F-82FF-E63EEC851101}.Debug|x86.Build.0 = Debug|Win32
		{B8D3F3A4-4624-493F-82FF-E63EEC851101}.Release|x64.ActiveCfg = Release|x64
		{B8D3F3A4-4624-493F-82FF-E63EEC851101}.Release|x64.Build.0 = Release|x64
		{B8D3F3A4-4624-493F-82FF-E63EEC851101}.Release|x86.ActiveCfg = Release|Win32
		{B8D3F3A4-4624-493F-82FF-E63EEC851101}.Release|x86.Build.0 = Release|Win32
		{7C488070-8364-46EF-91C6-B5E8231A4AE7}.Debug|x64.ActiveCfg = Debug|x64
		{7C488070-8364-46EF-91C6-B5E8231A4AE7}.Debug|x64.Build.0 = Debug|x64
		{7C488070-8364-46EF-91C6-B5E8231A4AE7}.Debug|x86.ActiveCfg = Debug|Win32
		{7C488070-8364-46EF-91C6-B5E8231A4AE7}.Debug|x86.Build.0 = Debug|Win32
		{7C488070-8364-46EF-91C6-B5E8231A4AE7}.Release|x64.ActiveCfg = Release|x64
		{7C488070-8364-46EF-91C6-B5E8231A4AE7}.Release|x64.Build.0 = Release|x64
		{7C488070-8364-46EF-91C6-B5E8231A4AE7}.Release|x86.ActiveCfg = Release|Win32
		{7C488070-8364-46EF-91C6-B5E8231A4AE7}.Release|x86.Build.0 = Release|Win32
		{8C44B4DE-5E7D-4278-8A83-8756076A7500}.Debug|x64.ActiveCfg = Debug|x64
		{8C44B4DE-5E7D-4278-8A83-8756076A7500}.Debug|x64.Build.0 = Debug|x64
		{8C44B4DE-5E7D-4278-8A83-8756076A7500}.Debug|x86.ActiveCfg = Debug|Win32
		{8C44B4DE-5E7D-4278-8A83-8756076A7500}.Debug|x86.Build.0 = Debug|Win32
		{8C44B4DE-5E7D-4278-8A83-8756076A7500}.Release|x64.ActiveCfg = Release|x64
		{8C44B4DE-5E7D-4278-8A83-8756076A7500}.Release|x64.Build.0 = Release|x64
		{8C44B4DE-5E7D-4278-8A83-8756076A7500}.Release|x86.ActiveCfg = Release|Win32
		{8C44B4DE-5E7D-4278-8A83-8756076A7500}.Release|x86.Build.0 = Release|Win32
		{62636708-27F6-4745-8804-8DA9FD80F8A7}.Debug|x64.ActiveCfg = Debug|x64
		{62636708-27F6-4745-8804-8DA9FD80F8A7}.Debug|x64.Build.0 = Debug|x64
		{62636708-27F6-4745-8804-8DA9FD80F8A7}.Debug|x86.ActiveCfg = Debug|Win32
		{62636708-27F6-4745-8804-8DA9FD80F8A7}.Debug|x86.Build.0 = Debug|Win32
		{62636708-27F6-4745-8804-8DA9FD80F8A7}.Release|x64.ActiveCfg = Release|x64
		{62636708-27F6-4745-8804-8DA9FD80F8A7}.Release|x64.Build.0 = Release|x64
		{62636708-27F6-4745-8804-8DA9FD80F8A7}.Release|x86.ActiveCfg = Release|Win32
		{62636708-27F6-4745-8804-8DA9FD80F8A7}.Release|x86.Build.0 = Release|Win32
		{53AAE0E0-77EA-4D27-BDF4-463FBADED643}.Debug|x64.ActiveCfg = Debug|x64
		{53AAE0E0-77EA-4D27-BDF4-463FBADED643}.Debug|x64.Build.0 = Debug|x64
		{53AAE0E0-77EA-4D27-BDF4-463FBADED643}.Debug|x86.ActiveCfg = Debug|Win32
		{53AAE0E0-77EA-4D27-BDF4-463FBADED643}.Debug|x86.Build.0 = Debug|Win32
		{53AAE0E0-77EA-4D27-BDF4-463FBADED643}.Release|x64.ActiveCfg = Release|x64
		{53AAE0E0-77EA-4D27-BDF4-463FBADED643}.Release|x64.Build.0 = Release|x64
		{53AAE0E0-77EA-4D27-BDF4-463FBADED643}.Release|x86.ActiveCfg = Release|Win32
		{53AAE0E0-77EA-4D27-BDF4-463FBADED643}.Release|x86.Build.0 = Release|Win32
		{AC7157CB-CC96-4C54-B4FB-7834977393F4}.Debug|x64.ActiveCfg = Debug|x64
		{AC7157CB-CC96-4C54-B4FB-7834977393F4}.Debug|x64.Build.0 = Debug|x64
		{AC7157CB-CC96-4C54-B4FB-7834977393F4}.Debug|x86.ActiveCfg = Debug|Win32
		{AC7157CB-CC96-4C54-B4FB-7834977393F4}.Debug|x86.Build.0 = Debug|Win32
		{AC7157CB-CC96-4C54-B4FB-7834977393F4}.Release|x64.ActiveCfg = Release|x64
		{AC7157CB-CC96-4C54-B4FB-7834977393F4}.Release|x64.Build.0 = Release|x64
		{AC7157CB-CC96-4C54-B4FB-7834977393F4}.Release|x86.ActiveCfg = Release|Win32
		{AC7157CB-CC96-4C54-B4FB-7834977393F4}.Release|x86.Build.0 = Release|Win32
		{C243025A-DC18-48B9-BB14-D6B79087A15B}.Debug|x64.ActiveCfg = Debug|x64
		{C243025A-DC18-48B9-BB14-D6B79087A15B}.Debug|x64.Build.0 = Debug|x64
		{C243025A-DC18-48B9-BB14-D6B79087A15B}.Debug|x86.ActiveCfg = Debug|Win32
		{C243025A-DC18-48B9-BB14-D6B79087A15B}.Debug|x86.Build.0 = Debug|Win32
		{C243025A-DC18-48B9-BB14-D6B79087A15B}.Release|x64.ActiveCfg = Release|x64
		{C243025A-DC18-48B9-BB14-D6B79087A15B}.Release|x64.Build.0 = Release|x64
		{C243025A-DC18-48B9-BB14-D6B79087A15B}.Release|x86.ActiveCfg = Release|Win32
		{C243025A-DC18-48B9-BB14-D6B79087A15B}.Release|x86.Build.0 = Release|Win32
		{9835C534-7848-4989-8275-5560BF34C357}.Debug|x64.ActiveCfg = Debug|x64
		{9835C534-7848-4989-8275-5560BF34C357}.Debug|x64.Build.0 = Debug|x64
		{9835C534-7848-4989-8275-5560BF34C357}.Debug|x86.ActiveCfg = Debug|Win32
		{9835C534-7848-4989-8275-5560BF34C357}.Debug|x86.Build.0 = Debug|Win32
		{9835C534-7848-4989-8275-5560BF34C357}.Release|x64.ActiveCfg = Release|x64
		{9835C534-7848-4989-8275-5560BF34C357}.Release|x64.Build.0 = Release|x64
		{9835C534-7848-4989-8275-5560BF34C357}.Release|x86.ActiveCfg = Release|Win32
		{9835C534-7848-4989-8275-5560BF34C357}.Release|x86.Build.0 = Release|Win32
		{027236F9-4EE2-4753-8142-C2867BCA568A}.Debug|x64.ActiveCfg = Debug|x64
		{027236F9-4EE2-4753-8142-C2867BCA568A}.Debug|x64.Build.0 = Debug|x64
		{027236F9-4EE2-4753-8142-C2867BCA568A}.Debug|x86.ActiveCfg = Debug|Win32
		{027236F9-4EE2-4753-8142-C2867BCA568A}.Debug|x86.Build.0 = Debug|Win32
		{027236F9-4EE2-4753-8142-C2867BCA568A}.Release|x64.ActiveCfg = Release|x64
		{027236F9-4EE2-4753-8142-C2867BCA568A}.Release|x64.Build.0 = Release|x64
		{027236F9-4EE2-4753-8142-C2867BCA568A}.Release|x86.ActiveCfg = Release|Win32
		{027236F9-4EE2-4753-8142-C2867BCA568A}.Release|x86.Build.0 = Release|Win32
		{1F0E702E-DC4C-495D-8DC2-5624679E637E}.Debug|x64.ActiveCfg = Debug|x64
		{1F0E702E-DC4C-495D-8DC2-5624679E637E}.Debug|x64.Build.0 = Debug|x64
		{1F0E702E-DC4C-495D-8DC2-5624679E637E}.Debug|x86.ActiveCfg = Debug|Win32
		{1F0E702E-DC4C-495D-8DC2-5624679E637E}.Debug|x86.Build.0 = Debug|Win32
		{1F0E702E-DC4C-495D-8DC2-5624679E637E}.Release|x64.ActiveCfg = Release|x64
		{1F0E702E-DC4C-495D-8DC2-5624679E637E}.Release|x64.Build.0 = Release|x64
		{1F0E702E-DC4C-495D-8DC2-5624679E637E}.Release|x86.ActiveCfg = Release|Win32
		{1F0E702E-DC4C-495D-8DC2-5624679E637E}.Release|x86.Build.0 = Release|Win32
		{8DD56CC1-5904-4E2D-9A77-0371893E7040}.Debug|x64.ActiveCfg = Debug|x64
		{8DD56CC1-5904-4E2D-9A77-0371893E7040}.Debug|x64.Build.0 = Debug|x64
		{8DD56CC1-5904-4E2D-9A77-0371893E7040}.Debug|x86.ActiveCfg = Debug|Win32
		{8DD56CC1-5904-4E2D-9A77-0371893E7040}.Debug|x86.Build.0 = Debug|Win32
		{8DD56CC1-5904-4E2D-9A77-0371893E7040}.Release|x64.ActiveCfg = Release|x64
		{8DD56CC1-5904-4E2D-9A77-0371893E7040}.Release|x64.Build.0 = Release|x64
		{8DD56CC1-5904-4E2D-9A77-0371893E7040}.Release|x86.ActiveCfg = Release|Win32
		{8DD56CC1-5904-4E2D-9A77-0371893E7040}.Release|x86.Build.0 = Release|Win32
		{DE21C23A-E435-4ACD-8543-E5B430D5F391}.Debug|x64.ActiveCfg = Debug|x64
		{DE21C23A-E435-4ACD-8543-E5B430D5F391}.Debug|x64.Build.0 = Debug|x64
		{DE21C23A-E435-4ACD-8543-E5B430D5F391}.Debug|x86.ActiveCfg = Debug|Win32
		{DE21C23A-E435-4ACD-8543-E5B430D5F391}.Debug|x86.Build.0 = Debug|Win32
		{DE21C23A-E435-4ACD-8543-E5B430D5F391}.Release|x64.ActiveCfg = Release|x64
		{DE21C23A-E435-4ACD-8543-E5B430D5F391}.Release|x64.Build.0 = Release|x64
		{DE21C23A-E435-4ACD-8543-E5B430D5F391}.Release|x86.ActiveCfg = Release|Win32
		{DE21C23A-E435-4ACD-8543-E5B430D5F391}.Release|x86.Build.0 = Release|Win32
		{677AEC5F-D473-494F-9024-666F59600F10}.Debug|x64.ActiveCfg = Debug|x64
		{677AEC5F-D473-494F-9024-666F59600F10}.Debug|x64.Build.0 = Debug|x64
		{677AEC5F-D473-494F-9024-666F59600F10}.Debug|x86.ActiveCfg = Debug|Win32
		{677AEC5F-D473-494F-9024-666F59600F10}.Debug|x86.Build.0 = Debug|Win32
		{677AEC5F-D473-494F-9024-666F59600F10}.Release|x64.ActiveCfg = Release|x64
		{677AEC5F-D473-494F-9024-666F59600F10}.Release|x64.Build.0 = Release|x64
		{677AEC5F-D473-494F-9024-666F59600F10}.Release|x86.ActiveCfg = Release|Win32
		{677AEC5F-D473-494F-9024-666F59600F10}.Release|x86.Build.0 = Release|Win32
	EndGlobalSection
	GlobalSection(SolutionProperties) = preSolution
		HideSolutionNode = FALSE
	EndGlobalSection
	GlobalSection(ExtensibilityGlobals) = postSolution
		SolutionGuid = {B23468F5-FE53-4775-8B30-5550179D78F5}
	EndGlobalSection
EndGlobal
